
Microsoft Visual Studio Solution File, Format Version 12.00
# Visual Studio Version 17
VisualStudioVersion = 17.9.34728.123
MinimumVisualStudioVersion = 10.0.40219.1
Project("{9A19103F-16F7-4668-BE54-9A1E7A4F7556}") = "PROTECTED_API", "AUTH_SEVER\PROTECTED_API.csproj", "{4868438B-26A1-4B5E-978E-C8957E09ABCD}"
EndProject
Project("{FAE04EC0-301F-11D3-BF4B-00C04F79EFBC}") = "AUTH_SERVER", "AUTH_SERVER\AUTH_SERVER.csproj", "{97A1CC09-213A-421E-9293-BEFE844E2A9D}"
EndProject
Global
	GlobalSection(SolutionConfigurationPlatforms) = preSolution
		Debug|Any CPU = Debug|Any CPU
		Release|Any CPU = Release|Any CPU
	EndGlobalSection
	GlobalSection(ProjectConfigurationPlatforms) = postSolution
		{4868438B-26A1-4B5E-978E-C8957E09ABCD}.Debug|Any CPU.ActiveCfg = Debug|Any CPU
		{4868438B-26A1-4B5E-978E-C8957E09ABCD}.Debug|Any CPU.Build.0 = Debug|Any CPU
		{4868438B-26A1-4B5E-978E-C8957E09ABCD}.Release|Any CPU.ActiveCfg = Release|Any CPU
		{4868438B-26A1-4B5E-978E-C8957E09ABCD}.Release|Any CPU.Build.0 = Release|Any CPU
		{97A1CC09-213A-421E-9293-BEFE844E2A9D}.Debug|Any CPU.ActiveCfg = Debug|Any CPU
		{97A1CC09-213A-421E-9293-BEFE844E2A9D}.Debug|Any CPU.Build.0 = Debug|Any CPU
		{97A1CC09-213A-421E-9293-BEFE844E2A9D}.Release|Any CPU.ActiveCfg = Release|Any CPU
		{97A1CC09-213A-421E-9293-BEFE844E2A9D}.Release|Any CPU.Build.0 = Release|Any CPU
	EndGlobalSection
	GlobalSection(SolutionProperties) = preSolution
		HideSolutionNode = FALSE
	EndGlobalSection
	GlobalSection(ExtensibilityGlobals) = postSolution
		SolutionGuid = {BE9F6CA1-FF72-4FDB-B685-E6FF98B9C289}
	EndGlobalSection
EndGlobal
